
Microsoft Visual Studio Solution File, Format Version 12.00
# Visual Studio 15
VisualStudioVersion = 15.0.28307.271
MinimumVisualStudioVersion = 10.0.40219.1
Project("{FAE04EC0-301F-11D3-BF4B-00C04F79EFBC}") = "Client", "Client\Client.csproj", "{995800E7-AA5D-418C-9FBB-1E41252FC12F}"
EndProject
Global
	GlobalSection(SolutionConfigurationPlatforms) = preSolution
		Debug|Any CPU = Debug|Any CPU
		Release|Any CPU = Release|Any CPU
	EndGlobalSection
	GlobalSection(ProjectConfigurationPlatforms) = postSolution
		{995800E7-AA5D-418C-9FBB-1E41252FC12F}.Debug|Any CPU.ActiveCfg = Debug|Any CPU
		{995800E7-AA5D-418C-9FBB-1E41252FC12F}.Debug|Any CPU.Build.0 = Debug|Any CPU
		{995800E7-AA5D-418C-9FBB-1E41252FC12F}.Release|Any CPU.ActiveCfg = Release|Any CPU
		{995800E7-AA5D-418C-9FBB-1E41252FC12F}.Release|Any CPU.Build.0 = Release|Any CPU
	EndGlobalSection
	GlobalSection(SolutionProperties) = preSolution
		HideSolutionNode = FALSE
	EndGlobalSection
	GlobalSection(ExtensibilityGlobals) = postSolution
		SolutionGuid = {76AFCBD2-0FEB-45DD-A39A-96348B04F7A7}
	EndGlobalSection
EndGlobal
